
Microsoft Visual Studio Solution File, Format Version 12.00
# Visual Studio Version 16
VisualStudioVersion = 16.0.31205.134
MinimumVisualStudioVersion = 10.0.40219.1
Project("{9A19103F-16F7-4668-BE54-9A1E7A4F7556}") = "UnitTestAPICore", "UnitTestAPICore\UnitTestAPICore.csproj", "{5C80D950-AA5F-44CD-9E91-075F61A63A05}"
EndProject
Project("{9A19103F-16F7-4668-BE54-9A1E7A4F7556}") = "Model", "Model\Model.csproj", "{A8F00F39-3C8B-4381-ACA6-A35F2D948632}"
EndProject
Project("{9A19103F-16F7-4668-BE54-9A1E7A4F7556}") = "CRUDRepository", "Repository\CRUDRepository.csproj", "{CE60D151-8A42-4438-9C3A-3EB3E39D798D}"
EndProject
<<<<<<< HEAD
Project("{FAE04EC0-301F-11D3-BF4B-00C04F79EFBC}") = "xUnit.Test", "xUnit.Test\xUnit.Test.csproj", "{8739621C-9DDB-49B9-A4BD-51D1F6A80EFC}"
EndProject
=======
>>>>>>> 132552c105178711f99833f95429d7e1fbc8e93d
Global
	GlobalSection(SolutionConfigurationPlatforms) = preSolution
		Debug|Any CPU = Debug|Any CPU
		Release|Any CPU = Release|Any CPU
	EndGlobalSection
	GlobalSection(ProjectConfigurationPlatforms) = postSolution
		{5C80D950-AA5F-44CD-9E91-075F61A63A05}.Debug|Any CPU.ActiveCfg = Debug|Any CPU
		{5C80D950-AA5F-44CD-9E91-075F61A63A05}.Debug|Any CPU.Build.0 = Debug|Any CPU
		{5C80D950-AA5F-44CD-9E91-075F61A63A05}.Release|Any CPU.ActiveCfg = Release|Any CPU
		{5C80D950-AA5F-44CD-9E91-075F61A63A05}.Release|Any CPU.Build.0 = Release|Any CPU
		{A8F00F39-3C8B-4381-ACA6-A35F2D948632}.Debug|Any CPU.ActiveCfg = Debug|Any CPU
		{A8F00F39-3C8B-4381-ACA6-A35F2D948632}.Debug|Any CPU.Build.0 = Debug|Any CPU
		{A8F00F39-3C8B-4381-ACA6-A35F2D948632}.Release|Any CPU.ActiveCfg = Release|Any CPU
		{A8F00F39-3C8B-4381-ACA6-A35F2D948632}.Release|Any CPU.Build.0 = Release|Any CPU
		{CE60D151-8A42-4438-9C3A-3EB3E39D798D}.Debug|Any CPU.ActiveCfg = Debug|Any CPU
		{CE60D151-8A42-4438-9C3A-3EB3E39D798D}.Debug|Any CPU.Build.0 = Debug|Any CPU
		{CE60D151-8A42-4438-9C3A-3EB3E39D798D}.Release|Any CPU.ActiveCfg = Release|Any CPU
		{CE60D151-8A42-4438-9C3A-3EB3E39D798D}.Release|Any CPU.Build.0 = Release|Any CPU
<<<<<<< HEAD
		{8739621C-9DDB-49B9-A4BD-51D1F6A80EFC}.Debug|Any CPU.ActiveCfg = Debug|Any CPU
		{8739621C-9DDB-49B9-A4BD-51D1F6A80EFC}.Debug|Any CPU.Build.0 = Debug|Any CPU
		{8739621C-9DDB-49B9-A4BD-51D1F6A80EFC}.Release|Any CPU.ActiveCfg = Release|Any CPU
		{8739621C-9DDB-49B9-A4BD-51D1F6A80EFC}.Release|Any CPU.Build.0 = Release|Any CPU
=======
>>>>>>> 132552c105178711f99833f95429d7e1fbc8e93d
	EndGlobalSection
	GlobalSection(SolutionProperties) = preSolution
		HideSolutionNode = FALSE
	EndGlobalSection
	GlobalSection(ExtensibilityGlobals) = postSolution
		SolutionGuid = {34D97A80-F234-4740-A7DC-980297BD600C}
	EndGlobalSection
EndGlobal
